
Microsoft Visual Studio Solution File, Format Version 12.00
# Visual Studio Version 16
VisualStudioVersion = 16.0.31613.86
MinimumVisualStudioVersion = 10.0.40219.1
Project("{FAE04EC0-301F-11D3-BF4B-00C04F79EFBC}") = "FindtheMin_andAverage", "FindtheMin_andAverage\FindtheMin_andAverage.csproj", "{4F755E29-2368-4ACE-AEB2-54B2889A950D}"
EndProject
Global
	GlobalSection(SolutionConfigurationPlatforms) = preSolution
		Debug|Any CPU = Debug|Any CPU
		Release|Any CPU = Release|Any CPU
	EndGlobalSection
	GlobalSection(ProjectConfigurationPlatforms) = postSolution
		{4F755E29-2368-4ACE-AEB2-54B2889A950D}.Debug|Any CPU.ActiveCfg = Debug|Any CPU
		{4F755E29-2368-4ACE-AEB2-54B2889A950D}.Debug|Any CPU.Build.0 = Debug|Any CPU
		{4F755E29-2368-4ACE-AEB2-54B2889A950D}.Release|Any CPU.ActiveCfg = Release|Any CPU
		{4F755E29-2368-4ACE-AEB2-54B2889A950D}.Release|Any CPU.Build.0 = Release|Any CPU
	EndGlobalSection
	GlobalSection(SolutionProperties) = preSolution
		HideSolutionNode = FALSE
	EndGlobalSection
	GlobalSection(ExtensibilityGlobals) = postSolution
		SolutionGuid = {BB42269D-2489-438A-A5BB-E38CADC5A55A}
	EndGlobalSection
EndGlobal
